// !$*UTF8*$!
{
	archiveVersion = 1;
	classes = {
	};
	objectVersion = 55;
	objects = {

/* Begin PBXBuildFile section */
		E46FD9F4283A5477008EC3F5 /* WebtrotterApp.swift in Sources */ = {isa = PBXBuildFile; fileRef = E46FD9F3283A5477008EC3F5 /* WebtrotterApp.swift */; };
		E46FD9F6283A5477008EC3F5 /* ContentView.swift in Sources */ = {isa = PBXBuildFile; fileRef = E46FD9F5283A5477008EC3F5 /* ContentView.swift */; };
		E46FD9F8283A5478008EC3F5 /* Assets.xcassets in Resources */ = {isa = PBXBuildFile; fileRef = E46FD9F7283A5478008EC3F5 /* Assets.xcassets */; };
		E46FDA02283A5536008EC3F5 /* SearchResult.swift in Sources */ = {isa = PBXBuildFile; fileRef = E46FDA01283A5536008EC3F5 /* SearchResult.swift */; };
		E46FDA05283A5604008EC3F5 /* SwiftSoup in Frameworks */ = {isa = PBXBuildFile; productRef = E46FDA04283A5604008EC3F5 /* SwiftSoup */; };
		E46FDA08283A570C008EC3F5 /* String.swift in Sources */ = {isa = PBXBuildFile; fileRef = E46FDA07283A570C008EC3F5 /* String.swift */; };
		E46FDA0B283A62E1008EC3F5 /* search.html in Resources */ = {isa = PBXBuildFile; fileRef = E46FDA0A283A62E1008EC3F5 /* search.html */; };
		E46FDA0D283A6B5F008EC3F5 /* searchResults.html in Resources */ = {isa = PBXBuildFile; fileRef = E46FDA0C283A6B5F008EC3F5 /* searchResults.html */; };
/* End PBXBuildFile section */

/* Begin PBXFileReference section */
		E46FD9F0283A5477008EC3F5 /* Webtrotter.app */ = {isa = PBXFileReference; explicitFileType = wrapper.application; includeInIndex = 0; path = Webtrotter.app; sourceTree = BUILT_PRODUCTS_DIR; };
		E46FD9F3283A5477008EC3F5 /* WebtrotterApp.swift */ = {isa = PBXFileReference; lastKnownFileType = sourcecode.swift; path = WebtrotterApp.swift; sourceTree = "<group>"; };
		E46FD9F5283A5477008EC3F5 /* ContentView.swift */ = {isa = PBXFileReference; lastKnownFileType = sourcecode.swift; path = ContentView.swift; sourceTree = "<group>"; };
		E46FD9F7283A5478008EC3F5 /* Assets.xcassets */ = {isa = PBXFileReference; lastKnownFileType = folder.assetcatalog; path = Assets.xcassets; sourceTree = "<group>"; };
		E46FDA01283A5536008EC3F5 /* SearchResult.swift */ = {isa = PBXFileReference; lastKnownFileType = sourcecode.swift; path = SearchResult.swift; sourceTree = "<group>"; };
		E46FDA07283A570C008EC3F5 /* String.swift */ = {isa = PBXFileReference; lastKnownFileType = sourcecode.swift; path = String.swift; sourceTree = "<group>"; };
		E46FDA0A283A62E1008EC3F5 /* search.html */ = {isa = PBXFileReference; lastKnownFileType = text.html; path = search.html; sourceTree = "<group>"; };
		E46FDA0C283A6B5F008EC3F5 /* searchResults.html */ = {isa = PBXFileReference; lastKnownFileType = text.html; path = searchResults.html; sourceTree = "<group>"; };
/* End PBXFileReference section */

/* Begin PBXFrameworksBuildPhase section */
		E46FD9ED283A5477008EC3F5 /* Frameworks */ = {
			isa = PBXFrameworksBuildPhase;
			buildActionMask = 2147483647;
			files = (
				E46FDA05283A5604008EC3F5 /* SwiftSoup in Frameworks */,
			);
			runOnlyForDeploymentPostprocessing = 0;
		};
/* End PBXFrameworksBuildPhase section */

/* Begin PBXGroup section */
		E46FD9E7283A5477008EC3F5 = {
			isa = PBXGroup;
			children = (
				E46FD9F2283A5477008EC3F5 /* Webtrotter */,
				E46FD9F1283A5477008EC3F5 /* Products */,
			);
			sourceTree = "<group>";
		};
		E46FD9F1283A5477008EC3F5 /* Products */ = {
			isa = PBXGroup;
			children = (
				E46FD9F0283A5477008EC3F5 /* Webtrotter.app */,
			);
			name = Products;
			sourceTree = "<group>";
		};
		E46FD9F2283A5477008EC3F5 /* Webtrotter */ = {
			isa = PBXGroup;
			children = (
				E46FD9F7283A5478008EC3F5 /* Assets.xcassets */,
				E46FD9F3283A5477008EC3F5 /* WebtrotterApp.swift */,
				E46FD9F5283A5477008EC3F5 /* ContentView.swift */,
				E46FDA01283A5536008EC3F5 /* SearchResult.swift */,
				E46FDA06283A5703008EC3F5 /* Extensions */,
				E46FDA09283A62B5008EC3F5 /* Samples */,
			);
			path = Webtrotter;
			sourceTree = "<group>";
		};
		E46FDA06283A5703008EC3F5 /* Extensions */ = {
			isa = PBXGroup;
			children = (
				E46FDA07283A570C008EC3F5 /* String.swift */,
			);
			path = Extensions;
			sourceTree = "<group>";
		};
		E46FDA09283A62B5008EC3F5 /* Samples */ = {
			isa = PBXGroup;
			children = (
				E46FDA0A283A62E1008EC3F5 /* search.html */,
				E46FDA0C283A6B5F008EC3F5 /* searchResults.html */,
			);
			path = Samples;
			sourceTree = "<group>";
		};
/* End PBXGroup section */

/* Begin PBXNativeTarget section */
		E46FD9EF283A5477008EC3F5 /* Webtrotter */ = {
			isa = PBXNativeTarget;
			buildConfigurationList = E46FD9FE283A5478008EC3F5 /* Build configuration list for PBXNativeTarget "Webtrotter" */;
			buildPhases = (
				E46FD9EC283A5477008EC3F5 /* Sources */,
				E46FD9ED283A5477008EC3F5 /* Frameworks */,
				E46FD9EE283A5477008EC3F5 /* Resources */,
			);
			buildRules = (
			);
			dependencies = (
			);
			name = Webtrotter;
			packageProductDependencies = (
				E46FDA04283A5604008EC3F5 /* SwiftSoup */,
			);
			productName = Webtrotter;
			productReference = E46FD9F0283A5477008EC3F5 /* Webtrotter.app */;
			productType = "com.apple.product-type.application";
		};
/* End PBXNativeTarget section */

/* Begin PBXProject section */
		E46FD9E8283A5477008EC3F5 /* Project object */ = {
			isa = PBXProject;
			attributes = {
				BuildIndependentTargetsInParallel = 1;
				LastSwiftUpdateCheck = 1340;
				LastUpgradeCheck = 1340;
				TargetAttributes = {
					E46FD9EF283A5477008EC3F5 = {
						CreatedOnToolsVersion = 13.4;
					};
				};
			};
			buildConfigurationList = E46FD9EB283A5477008EC3F5 /* Build configuration list for PBXProject "Webtrotter" */;
			compatibilityVersion = "Xcode 13.0";
			developmentRegion = en;
			hasScannedForEncodings = 0;
			knownRegions = (
				en,
				Base,
			);
			mainGroup = E46FD9E7283A5477008EC3F5;
			packageReferences = (
				E46FDA03283A5604008EC3F5 /* XCRemoteSwiftPackageReference "SwiftSoup" */,
			);
			productRefGroup = E46FD9F1283A5477008EC3F5 /* Products */;
			projectDirPath = "";
			projectRoot = "";
			targets = (
				E46FD9EF283A5477008EC3F5 /* Webtrotter */,
			);
		};
/* End PBXProject section */

/* Begin PBXResourcesBuildPhase section */
		E46FD9EE283A5477008EC3F5 /* Resources */ = {
			isa = PBXResourcesBuildPhase;
			buildActionMask = 2147483647;
			files = (
				E46FDA0B283A62E1008EC3F5 /* search.html in Resources */,
				E46FDA0D283A6B5F008EC3F5 /* searchResults.html in Resources */,
				E46FD9F8283A5478008EC3F5 /* Assets.xcassets in Resources */,
			);
			runOnlyForDeploymentPostprocessing = 0;
		};
/* End PBXResourcesBuildPhase section */

/* Begin PBXSourcesBuildPhase section */
		E46FD9EC283A5477008EC3F5 /* Sources */ = {
			isa = PBXSourcesBuildPhase;
			buildActionMask = 2147483647;
			files = (
				E46FD9F6283A5477008EC3F5 /* ContentView.swift in Sources */,
				E46FDA02283A5536008EC3F5 /* SearchResult.swift in Sources */,
				E46FDA08283A570C008EC3F5 /* String.swift in Sources */,
				E46FD9F4283A5477008EC3F5 /* WebtrotterApp.swift in Sources */,
			);
			runOnlyForDeploymentPostprocessing = 0;
		};
/* End PBXSourcesBuildPhase section */

/* Begin XCBuildConfiguration section */
		E46FD9FC283A5478008EC3F5 /* Debug */ = {
			isa = XCBuildConfiguration;
			buildSettings = {
				ALWAYS_SEARCH_USER_PATHS = NO;
				CLANG_ANALYZER_NONNULL = YES;
				CLANG_ANALYZER_NUMBER_OBJECT_CONVERSION = YES_AGGRESSIVE;
				CLANG_CXX_LANGUAGE_STANDARD = "gnu++17";
				CLANG_ENABLE_MODULES = YES;
				CLANG_ENABLE_OBJC_ARC = YES;
				CLANG_ENABLE_OBJC_WEAK = YES;
				CLANG_WARN_BLOCK_CAPTURE_AUTORELEASING = YES;
				CLANG_WARN_BOOL_CONVERSION = YES;
				CLANG_WARN_COMMA = YES;
				CLANG_WARN_CONSTANT_CONVERSION = YES;
				CLANG_WARN_DEPRECATED_OBJC_IMPLEMENTATIONS = YES;
				CLANG_WARN_DIRECT_OBJC_ISA_USAGE = YES_ERROR;
				CLANG_WARN_DOCUMENTATION_COMMENTS = YES;
				CLANG_WARN_EMPTY_BODY = YES;
				CLANG_WARN_ENUM_CONVERSION = YES;
				CLANG_WARN_INFINITE_RECURSION = YES;
				CLANG_WARN_INT_CONVERSION = YES;
				CLANG_WARN_NON_LITERAL_NULL_CONVERSION = YES;
				CLANG_WARN_OBJC_IMPLICIT_RETAIN_SELF = YES;
				CLANG_WARN_OBJC_LITERAL_CONVERSION = YES;
				CLANG_WARN_OBJC_ROOT_CLASS = YES_ERROR;
				CLANG_WARN_QUOTED_INCLUDE_IN_FRAMEWORK_HEADER = YES;
				CLANG_WARN_RANGE_LOOP_ANALYSIS = YES;
				CLANG_WARN_STRICT_PROTOTYPES = YES;
				CLANG_WARN_SUSPICIOUS_MOVE = YES;
				CLANG_WARN_UNGUARDED_AVAILABILITY = YES_AGGRESSIVE;
				CLANG_WARN_UNREACHABLE_CODE = YES;
				CLANG_WARN__DUPLICATE_METHOD_MATCH = YES;
				COPY_PHASE_STRIP = NO;
				DEBUG_INFORMATION_FORMAT = dwarf;
				ENABLE_STRICT_OBJC_MSGSEND = YES;
				ENABLE_TESTABILITY = YES;
				GCC_C_LANGUAGE_STANDARD = gnu11;
				GCC_DYNAMIC_NO_PIC = NO;
				GCC_NO_COMMON_BLOCKS = YES;
				GCC_OPTIMIZATION_LEVEL = 0;
				GCC_PREPROCESSOR_DEFINITIONS = (
					"DEBUG=1",
					"$(inherited)",
				);
				GCC_WARN_64_TO_32_BIT_CONVERSION = YES;
				GCC_WARN_ABOUT_RETURN_TYPE = YES_ERROR;
				GCC_WARN_UNDECLARED_SELECTOR = YES;
				GCC_WARN_UNINITIALIZED_AUTOS = YES_AGGRESSIVE;
				GCC_WARN_UNUSED_FUNCTION = YES;
				GCC_WARN_UNUSED_VARIABLE = YES;
				IPHONEOS_DEPLOYMENT_TARGET = 15.5;
				MTL_ENABLE_DEBUG_INFO = INCLUDE_SOURCE;
				MTL_FAST_MATH = YES;
				ONLY_ACTIVE_ARCH = YES;
				SDKROOT = iphoneos;
				SWIFT_ACTIVE_COMPILATION_CONDITIONS = DEBUG;
				SWIFT_OPTIMIZATION_LEVEL = "-Onone";
			};
			name = Debug;
		};
		E46FD9FD283A5478008EC3F5 /* Release */ = {
			isa = XCBuildConfiguration;
			buildSettings = {
				ALWAYS_SEARCH_USER_PATHS = NO;
				CLANG_ANALYZER_NONNULL = YES;
				CLANG_ANALYZER_NUMBER_OBJECT_CONVERSION = YES_AGGRESSIVE;
				CLANG_CXX_LANGUAGE_STANDARD = "gnu++17";
				CLANG_ENABLE_MODULES = YES;
				CLANG_ENABLE_OBJC_ARC = YES;
				CLANG_ENABLE_OBJC_WEAK = YES;
				CLANG_WARN_BLOCK_CAPTURE_AUTORELEASING = YES;
				CLANG_WARN_BOOL_CONVERSION = YES;
				CLANG_WARN_COMMA = YES;
				CLANG_WARN_CONSTANT_CONVERSION = YES;
				CLANG_WARN_DEPRECATED_OBJC_IMPLEMENTATIONS = YES;
				CLANG_WARN_DIRECT_OBJC_ISA_USAGE = YES_ERROR;
				CLANG_WARN_DOCUMENTATION_COMMENTS = YES;
				CLANG_WARN_EMPTY_BODY = YES;
				CLANG_WARN_ENUM_CONVERSION = YES;
				CLANG_WARN_INFINITE_RECURSION = YES;
				CLANG_WARN_INT_CONVERSION = YES;
				CLANG_WARN_NON_LITERAL_NULL_CONVERSION = YES;
				CLANG_WARN_OBJC_IMPLICIT_RETAIN_SELF = YES;
				CLANG_WARN_OBJC_LITERAL_CONVERSION = YES;
				CLANG_WARN_OBJC_ROOT_CLASS = YES_ERROR;
				CLANG_WARN_QUOTED_INCLUDE_IN_FRAMEWORK_HEADER = YES;
				CLANG_WARN_RANGE_LOOP_ANALYSIS = YES;
				CLANG_WARN_STRICT_PROTOTYPES = YES;
				CLANG_WARN_SUSPICIOUS_MOVE = YES;
				CLANG_WARN_UNGUARDED_AVAILABILITY = YES_AGGRESSIVE;
				CLANG_WARN_UNREACHABLE_CODE = YES;
				CLANG_WARN__DUPLICATE_METHOD_MATCH = YES;
				COPY_PHASE_STRIP = NO;
				DEBUG_INFORMATION_FORMAT = "dwarf-with-dsym";
				ENABLE_NS_ASSERTIONS = NO;
				ENABLE_STRICT_OBJC_MSGSEND = YES;
				GCC_C_LANGUAGE_STANDARD = gnu11;
				GCC_NO_COMMON_BLOCKS = YES;
				GCC_WARN_64_TO_32_BIT_CONVERSION = YES;
				GCC_WARN_ABOUT_RETURN_TYPE = YES_ERROR;
				GCC_WARN_UNDECLARED_SELECTOR = YES;
				GCC_WARN_UNINITIALIZED_AUTOS = YES_AGGRESSIVE;
				GCC_WARN_UNUSED_FUNCTION = YES;
				GCC_WARN_UNUSED_VARIABLE = YES;
				IPHONEOS_DEPLOYMENT_TARGET = 15.5;
				MTL_ENABLE_DEBUG_INFO = NO;
				MTL_FAST_MATH = YES;
				SDKROOT = iphoneos;
				SWIFT_COMPILATION_MODE = wholemodule;
				SWIFT_OPTIMIZATION_LEVEL = "-O";
				VALIDATE_PRODUCT = YES;
			};
			name = Release;
		};
		E46FD9FF283A5478008EC3F5 /* Debug */ = {
			isa = XCBuildConfiguration;
			buildSettings = {
				ASSETCATALOG_COMPILER_APPICON_NAME = AppIcon;
				ASSETCATALOG_COMPILER_GLOBAL_ACCENT_COLOR_NAME = AccentColor;
				CODE_SIGN_STYLE = Automatic;
				CURRENT_PROJECT_VERSION = 1;
				DEVELOPMENT_TEAM = YYM4Z6MU8F;
				ENABLE_PREVIEWS = YES;
				GENERATE_INFOPLIST_FILE = YES;
				INFOPLIST_KEY_UIApplicationSceneManifest_Generation = YES;
				INFOPLIST_KEY_UIApplicationSupportsIndirectInputEvents = YES;
				INFOPLIST_KEY_UILaunchScreen_Generation = YES;
				INFOPLIST_KEY_UISupportedInterfaceOrientations_iPad = "UIInterfaceOrientationPortrait UIInterfaceOrientationPortraitUpsideDown UIInterfaceOrientationLandscapeLeft UIInterfaceOrientationLandscapeRight";
				INFOPLIST_KEY_UISupportedInterfaceOrientations_iPhone = "UIInterfaceOrientationPortrait UIInterfaceOrientationLandscapeLeft UIInterfaceOrientationLandscapeRight";
				LD_RUNPATH_SEARCH_PATHS = (
					"$(inherited)",
					"@executable_path/Frameworks",
				);
				MARKETING_VERSION = 1.0;
				PRODUCT_BUNDLE_IDENTIFIER = com.tsubuzaki.Webtrotter;
				PRODUCT_NAME = "$(TARGET_NAME)";
				SWIFT_EMIT_LOC_STRINGS = YES;
				SWIFT_VERSION = 5.0;
				TARGETED_DEVICE_FAMILY = "1,2";
			};
			name = Debug;
		};
		E46FDA00283A5478008EC3F5 /* Release */ = {
			isa = XCBuildConfiguration;
			buildSettings = {
				ASSETCATALOG_COMPILER_APPICON_NAME = AppIcon;
				ASSETCATALOG_COMPILER_GLOBAL_ACCENT_COLOR_NAME = AccentColor;
				CODE_SIGN_STYLE = Automatic;
				CURRENT_PROJECT_VERSION = 1;
				DEVELOPMENT_TEAM = YYM4Z6MU8F;
				ENABLE_PREVIEWS = YES;
				GENERATE_INFOPLIST_FILE = YES;
				INFOPLIST_KEY_UIApplicationSceneManifest_Generation = YES;
				INFOPLIST_KEY_UIApplicationSupportsIndirectInputEvents = YES;
				INFOPLIST_KEY_UILaunchScreen_Generation = YES;
				INFOPLIST_KEY_UISupportedInterfaceOrientations_iPad = "UIInterfaceOrientationPortrait UIInterfaceOrientationPortraitUpsideDown UIInterfaceOrientationLandscapeLeft UIInterfaceOrientationLandscapeRight";
				INFOPLIST_KEY_UISupportedInterfaceOrientations_iPhone = "UIInterfaceOrientationPortrait UIInterfaceOrientationLandscapeLeft UIInterfaceOrientationLandscapeRight";
				LD_RUNPATH_SEARCH_PATHS = (
					"$(inherited)",
					"@executable_path/Frameworks",
				);
				MARKETING_VERSION = 1.0;
				PRODUCT_BUNDLE_IDENTIFIER = com.tsubuzaki.Webtrotter;
				PRODUCT_NAME = "$(TARGET_NAME)";
				SWIFT_EMIT_LOC_STRINGS = YES;
				SWIFT_VERSION = 5.0;
				TARGETED_DEVICE_FAMILY = "1,2";
			};
			name = Release;
		};
/* End XCBuildConfiguration section */

/* Begin XCConfigurationList section */
		E46FD9EB283A5477008EC3F5 /* Build configuration list for PBXProject "Webtrotter" */ = {
			isa = XCConfigurationList;
			buildConfigurations = (
				E46FD9FC283A5478008EC3F5 /* Debug */,
				E46FD9FD283A5478008EC3F5 /* Release */,
			);
			defaultConfigurationIsVisible = 0;
			defaultConfigurationName = Release;
		};
		E46FD9FE283A5478008EC3F5 /* Build configuration list for PBXNativeTarget "Webtrotter" */ = {
			isa = XCConfigurationList;
			buildConfigurations = (
				E46FD9FF283A5478008EC3F5 /* Debug */,
				E46FDA00283A5478008EC3F5 /* Release */,
			);
			defaultConfigurationIsVisible = 0;
			defaultConfigurationName = Release;
		};
/* End XCConfigurationList section */

/* Begin XCRemoteSwiftPackageReference section */
		E46FDA03283A5604008EC3F5 /* XCRemoteSwiftPackageReference "SwiftSoup" */ = {
			isa = XCRemoteSwiftPackageReference;
			repositoryURL = "https://github.com/scinfu/SwiftSoup.git";
			requirement = {
				kind = upToNextMinorVersion;
				minimumVersion = 2.4.0;
			};
		};
/* End XCRemoteSwiftPackageReference section */

/* Begin XCSwiftPackageProductDependency section */
		E46FDA04283A5604008EC3F5 /* SwiftSoup */ = {
			isa = XCSwiftPackageProductDependency;
			package = E46FDA03283A5604008EC3F5 /* XCRemoteSwiftPackageReference "SwiftSoup" */;
			productName = SwiftSoup;
		};
/* End XCSwiftPackageProductDependency section */
	};
	rootObject = E46FD9E8283A5477008EC3F5 /* Project object */;
}
